// !$*UTF8*$!
{
	archiveVersion = 1;
	classes = {
	};
	objectVersion = 77;
	objects = {

/* Begin PBXContainerItemProxy section */
		226984D52D5BBC270012AB03 /* PBXContainerItemProxy */ = {
			isa = PBXContainerItemProxy;
			containerPortal = 226984BC2D5BBC260012AB03 /* Project object */;
			proxyType = 1;
			remoteGlobalIDString = 226984C32D5BBC260012AB03;
			remoteInfo = CoStudyOficial;
		};
		226984DF2D5BBC270012AB03 /* PBXContainerItemProxy */ = {
			isa = PBXContainerItemProxy;
			containerPortal = 226984BC2D5BBC260012AB03 /* Project object */;
			proxyType = 1;
			remoteGlobalIDString = 226984C32D5BBC260012AB03;
			remoteInfo = CoStudyOficial;
		};
/* End PBXContainerItemProxy section */

/* Begin PBXFileReference section */
		226984C42D5BBC260012AB03 /* CoStudyOficial.app */ = {isa = PBXFileReference; explicitFileType = wrapper.application; includeInIndex = 0; path = CoStudyOficial.app; sourceTree = BUILT_PRODUCTS_DIR; };
		226984D42D5BBC270012AB03 /* CoStudyOficialTests.xctest */ = {isa = PBXFileReference; explicitFileType = wrapper.cfbundle; includeInIndex = 0; path = CoStudyOficialTests.xctest; sourceTree = BUILT_PRODUCTS_DIR; };
		226984DE2D5BBC270012AB03 /* CoStudyOficialUITests.xctest */ = {isa = PBXFileReference; explicitFileType = wrapper.cfbundle; includeInIndex = 0; path = CoStudyOficialUITests.xctest; sourceTree = BUILT_PRODUCTS_DIR; };
/* End PBXFileReference section */

/* Begin PBXFileSystemSynchronizedRootGroup section */
		226984C62D5BBC260012AB03 /* CoStudyOficial */ = {
			isa = PBXFileSystemSynchronizedRootGroup;
			path = CoStudyOficial;
			sourceTree = "<group>";
		};
		226984D72D5BBC270012AB03 /* CoStudyOficialTests */ = {
			isa = PBXFileSystemSynchronizedRootGroup;
			path = CoStudyOficialTests;
			sourceTree = "<group>";
		};
		226984E12D5BBC270012AB03 /* CoStudyOficialUITests */ = {
			isa = PBXFileSystemSynchronizedRootGroup;
			path = CoStudyOficialUITests;
			sourceTree = "<group>";
		};
/* End PBXFileSystemSynchronizedRootGroup section */

/* Begin PBXFrameworksBuildPhase section */
		226984C12D5BBC260012AB03 /* Frameworks */ = {
			isa = PBXFrameworksBuildPhase;
			buildActionMask = 2147483647;
			files = (
			);
			runOnlyForDeploymentPostprocessing = 0;
		};
		226984D12D5BBC270012AB03 /* Frameworks */ = {
			isa = PBXFrameworksBuildPhase;
			buildActionMask = 2147483647;
			files = (
			);
			runOnlyForDeploymentPostprocessing = 0;
		};
		226984DB2D5BBC270012AB03 /* Frameworks */ = {
			isa = PBXFrameworksBuildPhase;
			buildActionMask = 2147483647;
			files = (
			);
			runOnlyForDeploymentPostprocessing = 0;
		};
/* End PBXFrameworksBuildPhase section */

/* Begin PBXGroup section */
		226984BB2D5BBC260012AB03 = {
			isa = PBXGroup;
			children = (
				226984C62D5BBC260012AB03 /* CoStudyOficial */,
				226984D72D5BBC270012AB03 /* CoStudyOficialTests */,
				226984E12D5BBC270012AB03 /* CoStudyOficialUITests */,
				226984C52D5BBC260012AB03 /* Products */,
			);
			sourceTree = "<group>";
		};
		226984C52D5BBC260012AB03 /* Products */ = {
			isa = PBXGroup;
			children = (
				226984C42D5BBC260012AB03 /* CoStudyOficial.app */,
				226984D42D5BBC270012AB03 /* CoStudyOficialTests.xctest */,
				226984DE2D5BBC270012AB03 /* CoStudyOficialUITests.xctest */,
			);
			name = Products;
			sourceTree = "<group>";
		};
/* End PBXGroup section */

/* Begin PBXNativeTarget section */
		226984C32D5BBC260012AB03 /* CoStudyOficial */ = {
			isa = PBXNativeTarget;
			buildConfigurationList = 226984E82D5BBC270012AB03 /* Build configuration list for PBXNativeTarget "CoStudyOficial" */;
			buildPhases = (
				226984C02D5BBC260012AB03 /* Sources */,
				226984C12D5BBC260012AB03 /* Frameworks */,
				226984C22D5BBC260012AB03 /* Resources */,
			);
			buildRules = (
			);
			dependencies = (
			);
			fileSystemSynchronizedGroups = (
				226984C62D5BBC260012AB03 /* CoStudyOficial */,
			);
			name = CoStudyOficial;
			packageProductDependencies = (
			);
			productName = CoStudyOficial;
			productReference = 226984C42D5BBC260012AB03 /* CoStudyOficial.app */;
			productType = "com.apple.product-type.application";
		};
		226984D32D5BBC270012AB03 /* CoStudyOficialTests */ = {
			isa = PBXNativeTarget;
			buildConfigurationList = 226984EB2D5BBC270012AB03 /* Build configuration list for PBXNativeTarget "CoStudyOficialTests" */;
			buildPhases = (
				226984D02D5BBC270012AB03 /* Sources */,
				226984D12D5BBC270012AB03 /* Frameworks */,
				226984D22D5BBC270012AB03 /* Resources */,
			);
			buildRules = (
			);
			dependencies = (
				226984D62D5BBC270012AB03 /* PBXTargetDependency */,
			);
			fileSystemSynchronizedGroups = (
				226984D72D5BBC270012AB03 /* CoStudyOficialTests */,
			);
			name = CoStudyOficialTests;
			packageProductDependencies = (
			);
			productName = CoStudyOficialTests;
			productReference = 226984D42D5BBC270012AB03 /* CoStudyOficialTests.xctest */;
			productType = "com.apple.product-type.bundle.unit-test";
		};
		226984DD2D5BBC270012AB03 /* CoStudyOficialUITests */ = {
			isa = PBXNativeTarget;
			buildConfigurationList = 226984EE2D5BBC270012AB03 /* Build configuration list for PBXNativeTarget "CoStudyOficialUITests" */;
			buildPhases = (
				226984DA2D5BBC270012AB03 /* Sources */,
				226984DB2D5BBC270012AB03 /* Frameworks */,
				226984DC2D5BBC270012AB03 /* Resources */,
			);
			buildRules = (
			);
			dependencies = (
				226984E02D5BBC270012AB03 /* PBXTargetDependency */,
			);
			fileSystemSynchronizedGroups = (
				226984E12D5BBC270012AB03 /* CoStudyOficialUITests */,
			);
			name = CoStudyOficialUITests;
			packageProductDependencies = (
			);
			productName = CoStudyOficialUITests;
			productReference = 226984DE2D5BBC270012AB03 /* CoStudyOficialUITests.xctest */;
			productType = "com.apple.product-type.bundle.ui-testing";
		};
/* End PBXNativeTarget section */

/* Begin PBXProject section */
		226984BC2D5BBC260012AB03 /* Project object */ = {
			isa = PBXProject;
			attributes = {
				BuildIndependentTargetsInParallel = 1;
				LastSwiftUpdateCheck = 1600;
				LastUpgradeCheck = 1600;
				TargetAttributes = {
					226984C32D5BBC260012AB03 = {
						CreatedOnToolsVersion = 16.0;
					};
					226984D32D5BBC270012AB03 = {
						CreatedOnToolsVersion = 16.0;
						TestTargetID = 226984C32D5BBC260012AB03;
					};
					226984DD2D5BBC270012AB03 = {
						CreatedOnToolsVersion = 16.0;
						TestTargetID = 226984C32D5BBC260012AB03;
					};
				};
			};
			buildConfigurationList = 226984BF2D5BBC260012AB03 /* Build configuration list for PBXProject "CoStudyOficial" */;
			developmentRegion = en;
			hasScannedForEncodings = 0;
			knownRegions = (
				en,
				Base,
			);
			mainGroup = 226984BB2D5BBC260012AB03;
			minimizedProjectReferenceProxies = 1;
			preferredProjectObjectVersion = 77;
			productRefGroup = 226984C52D5BBC260012AB03 /* Products */;
			projectDirPath = "";
			projectRoot = "";
			targets = (
				226984C32D5BBC260012AB03 /* CoStudyOficial */,
				226984D32D5BBC270012AB03 /* CoStudyOficialTests */,
				226984DD2D5BBC270012AB03 /* CoStudyOficialUITests */,
			);
		};
/* End PBXProject section */

/* Begin PBXResourcesBuildPhase section */
		226984C22D5BBC260012AB03 /* Resources */ = {
			isa = PBXResourcesBuildPhase;
			buildActionMask = 2147483647;
			files = (
			);
			runOnlyForDeploymentPostprocessing = 0;
		};
		226984D22D5BBC270012AB03 /* Resources */ = {
			isa = PBXResourcesBuildPhase;
			buildActionMask = 2147483647;
			files = (
			);
			runOnlyForDeploymentPostprocessing = 0;
		};
		226984DC2D5BBC270012AB03 /* Resources */ = {
			isa = PBXResourcesBuildPhase;
			buildActionMask = 2147483647;
			files = (
			);
			runOnlyForDeploymentPostprocessing = 0;
		};
/* End PBXResourcesBuildPhase section */

/* Begin PBXSourcesBuildPhase section */
		226984C02D5BBC260012AB03 /* Sources */ = {
			isa = PBXSourcesBuildPhase;
			buildActionMask = 2147483647;
			files = (
			);
			runOnlyForDeploymentPostprocessing = 0;
		};
		226984D02D5BBC270012AB03 /* Sources */ = {
			isa = PBXSourcesBuildPhase;
			buildActionMask = 2147483647;
			files = (
			);
			runOnlyForDeploymentPostprocessing = 0;
		};
		226984DA2D5BBC270012AB03 /* Sources */ = {
			isa = PBXSourcesBuildPhase;
			buildActionMask = 2147483647;
			files = (
			);
			runOnlyForDeploymentPostprocessing = 0;
		};
/* End PBXSourcesBuildPhase section */

/* Begin PBXTargetDependency section */
		226984D62D5BBC270012AB03 /* PBXTargetDependency */ = {
			isa = PBXTargetDependency;
			target = 226984C32D5BBC260012AB03 /* CoStudyOficial */;
			targetProxy = 226984D52D5BBC270012AB03 /* PBXContainerItemProxy */;
		};
		226984E02D5BBC270012AB03 /* PBXTargetDependency */ = {
			isa = PBXTargetDependency;
			target = 226984C32D5BBC260012AB03 /* CoStudyOficial */;
			targetProxy = 226984DF2D5BBC270012AB03 /* PBXContainerItemProxy */;
		};
/* End PBXTargetDependency section */

/* Begin XCBuildConfiguration section */
		226984E62D5BBC270012AB03 /* Debug */ = {
			isa = XCBuildConfiguration;
			buildSettings = {
				ALWAYS_SEARCH_USER_PATHS = NO;
				ASSETCATALOG_COMPILER_GENERATE_SWIFT_ASSET_SYMBOL_EXTENSIONS = YES;
				CLANG_ANALYZER_NONNULL = YES;
				CLANG_ANALYZER_NUMBER_OBJECT_CONVERSION = YES_AGGRESSIVE;
				CLANG_CXX_LANGUAGE_STANDARD = "gnu++20";
				CLANG_ENABLE_MODULES = YES;
				CLANG_ENABLE_OBJC_ARC = YES;
				CLANG_ENABLE_OBJC_WEAK = YES;
				CLANG_WARN_BLOCK_CAPTURE_AUTORELEASING = YES;
				CLANG_WARN_BOOL_CONVERSION = YES;
				CLANG_WARN_COMMA = YES;
				CLANG_WARN_CONSTANT_CONVERSION = YES;
				CLANG_WARN_DEPRECATED_OBJC_IMPLEMENTATIONS = YES;
				CLANG_WARN_DIRECT_OBJC_ISA_USAGE = YES_ERROR;
				CLANG_WARN_DOCUMENTATION_COMMENTS = YES;
				CLANG_WARN_EMPTY_BODY = YES;
				CLANG_WARN_ENUM_CONVERSION = YES;
				CLANG_WARN_INFINITE_RECURSION = YES;
				CLANG_WARN_INT_CONVERSION = YES;
				CLANG_WARN_NON_LITERAL_NULL_CONVERSION = YES;
				CLANG_WARN_OBJC_IMPLICIT_RETAIN_SELF = YES;
				CLANG_WARN_OBJC_LITERAL_CONVERSION = YES;
				CLANG_WARN_OBJC_ROOT_CLASS = YES_ERROR;
				CLANG_WARN_QUOTED_INCLUDE_IN_FRAMEWORK_HEADER = YES;
				CLANG_WARN_RANGE_LOOP_ANALYSIS = YES;
				CLANG_WARN_STRICT_PROTOTYPES = YES;
				CLANG_WARN_SUSPICIOUS_MOVE = YES;
				CLANG_WARN_UNGUARDED_AVAILABILITY = YES_AGGRESSIVE;
				CLANG_WARN_UNREACHABLE_CODE = YES;
				CLANG_WARN__DUPLICATE_METHOD_MATCH = YES;
				COPY_PHASE_STRIP = NO;
				DEBUG_INFORMATION_FORMAT = dwarf;
				ENABLE_STRICT_OBJC_MSGSEND = YES;
				ENABLE_TESTABILITY = YES;
				ENABLE_USER_SCRIPT_SANDBOXING = YES;
				GCC_C_LANGUAGE_STANDARD = gnu17;
				GCC_DYNAMIC_NO_PIC = NO;
				GCC_NO_COMMON_BLOCKS = YES;
				GCC_OPTIMIZATION_LEVEL = 0;
				GCC_PREPROCESSOR_DEFINITIONS = (
					"DEBUG=1",
					"$(inherited)",
				);
				GCC_WARN_64_TO_32_BIT_CONVERSION = YES;
				GCC_WARN_ABOUT_RETURN_TYPE = YES_ERROR;
				GCC_WARN_UNDECLARED_SELECTOR = YES;
				GCC_WARN_UNINITIALIZED_AUTOS = YES_AGGRESSIVE;
				GCC_WARN_UNUSED_FUNCTION = YES;
				GCC_WARN_UNUSED_VARIABLE = YES;
				IPHONEOS_DEPLOYMENT_TARGET = 18.0;
				LOCALIZATION_PREFERS_STRING_CATALOGS = YES;
				MTL_ENABLE_DEBUG_INFO = INCLUDE_SOURCE;
				MTL_FAST_MATH = YES;
				ONLY_ACTIVE_ARCH = YES;
				SDKROOT = iphoneos;
				SWIFT_ACTIVE_COMPILATION_CONDITIONS = "DEBUG $(inherited)";
				SWIFT_OPTIMIZATION_LEVEL = "-Onone";
			};
			name = Debug;
		};
		226984E72D5BBC270012AB03 /* Release */ = {
			isa = XCBuildConfiguration;
			buildSettings = {
				ALWAYS_SEARCH_USER_PATHS = NO;
				ASSETCATALOG_COMPILER_GENERATE_SWIFT_ASSET_SYMBOL_EXTENSIONS = YES;
				CLANG_ANALYZER_NONNULL = YES;
				CLANG_ANALYZER_NUMBER_OBJECT_CONVERSION = YES_AGGRESSIVE;
				CLANG_CXX_LANGUAGE_STANDARD = "gnu++20";
				CLANG_ENABLE_MODULES = YES;
				CLANG_ENABLE_OBJC_ARC = YES;
				CLANG_ENABLE_OBJC_WEAK = YES;
				CLANG_WARN_BLOCK_CAPTURE_AUTORELEASING = YES;
				CLANG_WARN_BOOL_CONVERSION = YES;
				CLANG_WARN_COMMA = YES;
				CLANG_WARN_CONSTANT_CONVERSION = YES;
				CLANG_WARN_DEPRECATED_OBJC_IMPLEMENTATIONS = YES;
				CLANG_WARN_DIRECT_OBJC_ISA_USAGE = YES_ERROR;
				CLANG_WARN_DOCUMENTATION_COMMENTS = YES;
				CLANG_WARN_EMPTY_BODY = YES;
				CLANG_WARN_ENUM_CONVERSION = YES;
				CLANG_WARN_INFINITE_RECURSION = YES;
				CLANG_WARN_INT_CONVERSION = YES;
				CLANG_WARN_NON_LITERAL_NULL_CONVERSION = YES;
				CLANG_WARN_OBJC_IMPLICIT_RETAIN_SELF = YES;
				CLANG_WARN_OBJC_LITERAL_CONVERSION = YES;
				CLANG_WARN_OBJC_ROOT_CLASS = YES_ERROR;
				CLANG_WARN_QUOTED_INCLUDE_IN_FRAMEWORK_HEADER = YES;
				CLANG_WARN_RANGE_LOOP_ANALYSIS = YES;
				CLANG_WARN_STRICT_PROTOTYPES = YES;
				CLANG_WARN_SUSPICIOUS_MOVE = YES;
				CLANG_WARN_UNGUARDED_AVAILABILITY = YES_AGGRESSIVE;
				CLANG_WARN_UNREACHABLE_CODE = YES;
				CLANG_WARN__DUPLICATE_METHOD_MATCH = YES;
				COPY_PHASE_STRIP = NO;
				DEBUG_INFORMATION_FORMAT = "dwarf-with-dsym";
				ENABLE_NS_ASSERTIONS = NO;
				ENABLE_STRICT_OBJC_MSGSEND = YES;
				ENABLE_USER_SCRIPT_SANDBOXING = YES;
				GCC_C_LANGUAGE_STANDARD = gnu17;
				GCC_NO_COMMON_BLOCKS = YES;
				GCC_WARN_64_TO_32_BIT_CONVERSION = YES;
				GCC_WARN_ABOUT_RETURN_TYPE = YES_ERROR;
				GCC_WARN_UNDECLARED_SELECTOR = YES;
				GCC_WARN_UNINITIALIZED_AUTOS = YES_AGGRESSIVE;
				GCC_WARN_UNUSED_FUNCTION = YES;
				GCC_WARN_UNUSED_VARIABLE = YES;
				IPHONEOS_DEPLOYMENT_TARGET = 18.0;
				LOCALIZATION_PREFERS_STRING_CATALOGS = YES;
				MTL_ENABLE_DEBUG_INFO = NO;
				MTL_FAST_MATH = YES;
				SDKROOT = iphoneos;
				SWIFT_COMPILATION_MODE = wholemodule;
				VALIDATE_PRODUCT = YES;
			};
			name = Release;
		};
		226984E92D5BBC270012AB03 /* Debug */ = {
			isa = XCBuildConfiguration;
			buildSettings = {
				ASSETCATALOG_COMPILER_APPICON_NAME = AppIcon;
				ASSETCATALOG_COMPILER_GLOBAL_ACCENT_COLOR_NAME = AccentColor;
				ASSETCATALOG_COMPILER_INCLUDE_ALL_APPICON_ASSETS = NO;
				CODE_SIGN_STYLE = Automatic;
				CURRENT_PROJECT_VERSION = 1;
				DEVELOPMENT_ASSET_PATHS = "\"CoStudyOficial/Preview Content\"";
				ENABLE_PREVIEWS = YES;
				GENERATE_INFOPLIST_FILE = YES;
				INFOPLIST_KEY_UIApplicationSceneManifest_Generation = YES;
				INFOPLIST_KEY_UIApplicationSupportsIndirectInputEvents = YES;
				INFOPLIST_KEY_UILaunchScreen_Generation = YES;
				INFOPLIST_KEY_UISupportedInterfaceOrientations_iPad = "UIInterfaceOrientationPortrait UIInterfaceOrientationPortraitUpsideDown UIInterfaceOrientationLandscapeLeft UIInterfaceOrientationLandscapeRight";
				INFOPLIST_KEY_UISupportedInterfaceOrientations_iPhone = "UIInterfaceOrientationPortrait UIInterfaceOrientationLandscapeLeft UIInterfaceOrientationLandscapeRight";
				LD_RUNPATH_SEARCH_PATHS = (
					"$(inherited)",
					"@executable_path/Frameworks",
				);
				MARKETING_VERSION = 1.0;
				PRODUCT_BUNDLE_IDENTIFIER = Found.CoStudyOficial;
				PRODUCT_NAME = "$(TARGET_NAME)";
				SWIFT_EMIT_LOC_STRINGS = YES;
				SWIFT_VERSION = 5.0;
				TARGETED_DEVICE_FAMILY = "1,2";
			};
			name = Debug;
		};
		226984EA2D5BBC270012AB03 /* Release */ = {
			isa = XCBuildConfiguration;
			buildSettings = {
				ASSETCATALOG_COMPILER_APPICON_NAME = AppIcon;
				ASSETCATALOG_COMPILER_GLOBAL_ACCENT_COLOR_NAME = AccentColor;
				ASSETCATALOG_COMPILER_INCLUDE_ALL_APPICON_ASSETS = NO;
				CODE_SIGN_STYLE = Automatic;
				CURRENT_PROJECT_VERSION = 1;
				DEVELOPMENT_ASSET_PATHS = "\"CoStudyOficial/Preview Content\"";
				ENABLE_PREVIEWS = YES;
				GENERATE_INFOPLIST_FILE = YES;
				INFOPLIST_KEY_UIApplicationSceneManifest_Generation = YES;
				INFOPLIST_KEY_UIApplicationSupportsIndirectInputEvents = YES;
				INFOPLIST_KEY_UILaunchScreen_Generation = YES;
				INFOPLIST_KEY_UISupportedInterfaceOrientations_iPad = "UIInterfaceOrientationPortrait UIInterfaceOrientationPortraitUpsideDown UIInterfaceOrientationLandscapeLeft UIInterfaceOrientationLandscapeRight";
				INFOPLIST_KEY_UISupportedInterfaceOrientations_iPhone = "UIInterfaceOrientationPortrait UIInterfaceOrientationLandscapeLeft UIInterfaceOrientationLandscapeRight";
				LD_RUNPATH_SEARCH_PATHS = (
					"$(inherited)",
					"@executable_path/Frameworks",
				);
				MARKETING_VERSION = 1.0;
				PRODUCT_BUNDLE_IDENTIFIER = Found.CoStudyOficial;
				PRODUCT_NAME = "$(TARGET_NAME)";
				SWIFT_EMIT_LOC_STRINGS = YES;
				SWIFT_VERSION = 5.0;
				TARGETED_DEVICE_FAMILY = "1,2";
			};
			name = Release;
		};
		226984EC2D5BBC270012AB03 /* Debug */ = {
			isa = XCBuildConfiguration;
			buildSettings = {
				BUNDLE_LOADER = "$(TEST_HOST)";
				CODE_SIGN_STYLE = Automatic;
				CURRENT_PROJECT_VERSION = 1;
				GENERATE_INFOPLIST_FILE = YES;
				IPHONEOS_DEPLOYMENT_TARGET = 18.0;
				MARKETING_VERSION = 1.0;
				PRODUCT_BUNDLE_IDENTIFIER = Found.CoStudyOficialTests;
				PRODUCT_NAME = "$(TARGET_NAME)";
				SWIFT_EMIT_LOC_STRINGS = NO;
				SWIFT_VERSION = 5.0;
				TARGETED_DEVICE_FAMILY = "1,2";
				TEST_HOST = "$(BUILT_PRODUCTS_DIR)/CoStudyOficial.app/$(BUNDLE_EXECUTABLE_FOLDER_PATH)/CoStudyOficial";
			};
			name = Debug;
		};
		226984ED2D5BBC270012AB03 /* Release */ = {
			isa = XCBuildConfiguration;
			buildSettings = {
				BUNDLE_LOADER = "$(TEST_HOST)";
				CODE_SIGN_STYLE = Automatic;
				CURRENT_PROJECT_VERSION = 1;
				GENERATE_INFOPLIST_FILE = YES;
				IPHONEOS_DEPLOYMENT_TARGET = 18.0;
				MARKETING_VERSION = 1.0;
				PRODUCT_BUNDLE_IDENTIFIER = Found.CoStudyOficialTests;
				PRODUCT_NAME = "$(TARGET_NAME)";
				SWIFT_EMIT_LOC_STRINGS = NO;
				SWIFT_VERSION = 5.0;
				TARGETED_DEVICE_FAMILY = "1,2";
				TEST_HOST = "$(BUILT_PRODUCTS_DIR)/CoStudyOficial.app/$(BUNDLE_EXECUTABLE_FOLDER_PATH)/CoStudyOficial";
			};
			name = Release;
		};
		226984EF2D5BBC270012AB03 /* Debug */ = {
			isa = XCBuildConfiguration;
			buildSettings = {
				CODE_SIGN_STYLE = Automatic;
				CURRENT_PROJECT_VERSION = 1;
				GENERATE_INFOPLIST_FILE = YES;
				MARKETING_VERSION = 1.0;
				PRODUCT_BUNDLE_IDENTIFIER = Found.CoStudyOficialUITests;
				PRODUCT_NAME = "$(TARGET_NAME)";
				SWIFT_EMIT_LOC_STRINGS = NO;
				SWIFT_VERSION = 5.0;
				TARGETED_DEVICE_FAMILY = "1,2";
				TEST_TARGET_NAME = CoStudyOficial;
			};
			name = Debug;
		};
		226984F02D5BBC270012AB03 /* Release */ = {
			isa = XCBuildConfiguration;
			buildSettings = {
				CODE_SIGN_STYLE = Automatic;
				CURRENT_PROJECT_VERSION = 1;
				GENERATE_INFOPLIST_FILE = YES;
				MARKETING_VERSION = 1.0;
				PRODUCT_BUNDLE_IDENTIFIER = Found.CoStudyOficialUITests;
				PRODUCT_NAME = "$(TARGET_NAME)";
				SWIFT_EMIT_LOC_STRINGS = NO;
				SWIFT_VERSION = 5.0;
				TARGETED_DEVICE_FAMILY = "1,2";
				TEST_TARGET_NAME = CoStudyOficial;
			};
			name = Release;
		};
/* End XCBuildConfiguration section */

/* Begin XCConfigurationList section */
		226984BF2D5BBC260012AB03 /* Build configuration list for PBXProject "CoStudyOficial" */ = {
			isa = XCConfigurationList;
			buildConfigurations = (
				226984E62D5BBC270012AB03 /* Debug */,
				226984E72D5BBC270012AB03 /* Release */,
			);
			defaultConfigurationIsVisible = 0;
			defaultConfigurationName = Release;
		};
		226984E82D5BBC270012AB03 /* Build configuration list for PBXNativeTarget "CoStudyOficial" */ = {
			isa = XCConfigurationList;
			buildConfigurations = (
				226984E92D5BBC270012AB03 /* Debug */,
				226984EA2D5BBC270012AB03 /* Release */,
			);
			defaultConfigurationIsVisible = 0;
			defaultConfigurationName = Release;
		};
		226984EB2D5BBC270012AB03 /* Build configuration list for PBXNativeTarget "CoStudyOficialTests" */ = {
			isa = XCConfigurationList;
			buildConfigurations = (
				226984EC2D5BBC270012AB03 /* Debug */,
				226984ED2D5BBC270012AB03 /* Release */,
			);
			defaultConfigurationIsVisible = 0;
			defaultConfigurationName = Release;
		};
		226984EE2D5BBC270012AB03 /* Build configuration list for PBXNativeTarget "CoStudyOficialUITests" */ = {
			isa = XCConfigurationList;
			buildConfigurations = (
				226984EF2D5BBC270012AB03 /* Debug */,
				226984F02D5BBC270012AB03 /* Release */,
			);
			defaultConfigurationIsVisible = 0;
			defaultConfigurationName = Release;
		};
/* End XCConfigurationList section */
	};
	rootObject = 226984BC2D5BBC260012AB03 /* Project object */;
}
